
Microsoft Visual Studio Solution File, Format Version 12.00
# Visual Studio 15
VisualStudioVersion = 15.0.27130.2010
MinimumVisualStudioVersion = 10.0.40219.1
Project("{FAE04EC0-301F-11D3-BF4B-00C04F79EFBC}") = "RevCookBook", "RevCookBook\RevCookBook.csproj", "{74EED8ED-22CA-4DF3-83A7-0CA63A60246F}"
EndProject
Global
	GlobalSection(SolutionConfigurationPlatforms) = preSolution
		Debug|Any CPU = Debug|Any CPU
		Release|Any CPU = Release|Any CPU
	EndGlobalSection
	GlobalSection(ProjectConfigurationPlatforms) = postSolution
		{74EED8ED-22CA-4DF3-83A7-0CA63A60246F}.Debug|Any CPU.ActiveCfg = Debug|Any CPU
		{74EED8ED-22CA-4DF3-83A7-0CA63A60246F}.Debug|Any CPU.Build.0 = Debug|Any CPU
		{74EED8ED-22CA-4DF3-83A7-0CA63A60246F}.Release|Any CPU.ActiveCfg = Release|Any CPU
		{74EED8ED-22CA-4DF3-83A7-0CA63A60246F}.Release|Any CPU.Build.0 = Release|Any CPU
	EndGlobalSection
	GlobalSection(SolutionProperties) = preSolution
		HideSolutionNode = FALSE
	EndGlobalSection
	GlobalSection(ExtensibilityGlobals) = postSolution
		SolutionGuid = {776AB521-981D-465F-8A83-9570C39AA2D5}
	EndGlobalSection
EndGlobal
